{
  "requires": true,
  "lockfileVersion": 1,
  "dependencies": {
    "@google-pay/button-element": {
      "version": "2.4.1",
      "resolved": "https://registry.npmjs.org/@google-pay/button-element/-/button-element-2.4.1.tgz",
      "integrity": "sha512-ZQ5VYPR7IQpxer8wHThuGLj+ZKitbfbrhNCHi6xkrvsUdtmEZiwBxzAFlVcZndTXQ+NZqwDfT23g4Gtj9xR4UQ==",
      "requires": {
        "@types/googlepay": "^0.6.1"
      }
    },
    "@types/googlepay": {
      "version": "0.6.2",
      "resolved": "https://registry.npmjs.org/@types/googlepay/-/googlepay-0.6.2.tgz",
      "integrity": "sha512-dXIQI0ECX4BJlurhVqH08bpY3bXhpLyen8t23cHUVTy+/rdZW5vOjg9qdiceI/GtVsd9f4ri4CLxSZ/YIWGCqw=="
    }
  }
}
